
Microsoft Visual Studio Solution File, Format Version 12.00
# Visual Studio Version 17
VisualStudioVersion = 17.5.33530.505
MinimumVisualStudioVersion = 10.0.40219.1
Project("{FAE04EC0-301F-11D3-BF4B-00C04F79EFBC}") = "EternaWithDatabase", "EternaWithDatabase\EternaWithDatabase.csproj", "{56989A2E-C836-4998-AB52-FC9E33A5A86C}"
EndProject
Global
	GlobalSection(SolutionConfigurationPlatforms) = preSolution
		Debug|Any CPU = Debug|Any CPU
		Release|Any CPU = Release|Any CPU
	EndGlobalSection
	GlobalSection(ProjectConfigurationPlatforms) = postSolution
		{56989A2E-C836-4998-AB52-FC9E33A5A86C}.Debug|Any CPU.ActiveCfg = Debug|Any CPU
		{56989A2E-C836-4998-AB52-FC9E33A5A86C}.Debug|Any CPU.Build.0 = Debug|Any CPU
		{56989A2E-C836-4998-AB52-FC9E33A5A86C}.Release|Any CPU.ActiveCfg = Release|Any CPU
		{56989A2E-C836-4998-AB52-FC9E33A5A86C}.Release|Any CPU.Build.0 = Release|Any CPU
	EndGlobalSection
	GlobalSection(SolutionProperties) = preSolution
		HideSolutionNode = FALSE
	EndGlobalSection
	GlobalSection(ExtensibilityGlobals) = postSolution
		SolutionGuid = {64B45E3F-2ED7-4651-8C73-BAB14A9064B8}
	EndGlobalSection
EndGlobal
